
Microsoft Visual Studio Solution File, Format Version 12.00
# Visual Studio Version 17
VisualStudioVersion = 17.5.33502.453
MinimumVisualStudioVersion = 10.0.40219.1
Project("{8BC9CEB8-8B4A-11D0-8D11-00A0C91BC942}") = "Axodox.Common", "Axodox.Common\Axodox.Common.vcxitems", "{E13522B3-7530-4CBE-B5D3-CCE94136E40F}"
EndProject
Project("{8BC9CEB8-8B4A-11D0-8D11-00A0C91BC942}") = "Axodox.Common.Desktop", "Axodox.Common.Desktop\Axodox.Common.Desktop.vcxproj", "{1F553636-9920-4D85-B8AB-812AC321C3C4}"
EndProject
Global
	GlobalSection(SolutionConfigurationPlatforms) = preSolution
		Debug|ARM = Debug|ARM
		Debug|ARM64 = Debug|ARM64
		Debug|x64 = Debug|x64
		Debug|x86 = Debug|x86
		Release|ARM = Release|ARM
		Release|ARM64 = Release|ARM64
		Release|x64 = Release|x64
		Release|x86 = Release|x86
	EndGlobalSection
	GlobalSection(ProjectConfigurationPlatforms) = postSolution
		{1F553636-9920-4D85-B8AB-812AC321C3C4}.Debug|ARM.ActiveCfg = Debug|x64
		{1F553636-9920-4D85-B8AB-812AC321C3C4}.Debug|ARM.Build.0 = Debug|x64
		{1F553636-9920-4D85-B8AB-812AC321C3C4}.Debug|ARM64.ActiveCfg = Debug|x64
		{1F553636-9920-4D85-B8AB-812AC321C3C4}.Debug|ARM64.Build.0 = Debug|x64
		{1F553636-9920-4D85-B8AB-812AC321C3C4}.Debug|x64.ActiveCfg = Debug|x64
		{1F553636-9920-4D85-B8AB-812AC321C3C4}.Debug|x64.Build.0 = Debug|x64
		{1F553636-9920-4D85-B8AB-812AC321C3C4}.Debug|x86.ActiveCfg = Debug|Win32
		{1F553636-9920-4D85-B8AB-812AC321C3C4}.Debug|x86.Build.0 = Debug|Win32
		{1F553636-9920-4D85-B8AB-812AC321C3C4}.Release|ARM.ActiveCfg = Release|x64
		{1F553636-9920-4D85-B8AB-812AC321C3C4}.Release|ARM.Build.0 = Release|x64
		{1F553636-9920-4D85-B8AB-812AC321C3C4}.Release|ARM64.ActiveCfg = Release|x64
		{1F553636-9920-4D85-B8AB-812AC321C3C4}.Release|ARM64.Build.0 = Release|x64
		{1F553636-9920-4D85-B8AB-812AC321C3C4}.Release|x64.ActiveCfg = Release|x64
		{1F553636-9920-4D85-B8AB-812AC321C3C4}.Release|x64.Build.0 = Release|x64
		{1F553636-9920-4D85-B8AB-812AC321C3C4}.Release|x86.ActiveCfg = Release|Win32
		{1F553636-9920-4D85-B8AB-812AC321C3C4}.Release|x86.Build.0 = Release|Win32
	EndGlobalSection
	GlobalSection(SolutionProperties) = preSolution
		HideSolutionNode = FALSE
	EndGlobalSection
	GlobalSection(ExtensibilityGlobals) = postSolution
		SolutionGuid = {CEE3C5F7-16BB-4E97-ADE8-DC445980E503}
	EndGlobalSection
	GlobalSection(SharedMSBuildProjectFiles) = preSolution
		Axodox.Common\Axodox.Common.vcxitems*{1f553636-9920-4d85-b8ab-812ac321c3c4}*SharedItemsImports = 4
		Axodox.Common\Axodox.Common.vcxitems*{e13522b3-7530-4cbe-b5d3-cce94136e40f}*SharedItemsImports = 9
	EndGlobalSection
EndGlobal
